
Microsoft Visual Studio Solution File, Format Version 12.00
# Visual Studio Version 17
VisualStudioVersion = 17.0.31903.59
MinimumVisualStudioVersion = 10.0.40219.1
Project("{2150E333-8FDC-42A3-9474-1A3956D46DE8}") = "src", "src", "{74215DB3-19AE-4695-BE1C-EAE32A6E8CB7}"
EndProject
Project("{FAE04EC0-301F-11D3-BF4B-00C04F79EFBC}") = "VinoDellaCasa.Domain", "src\VinoDellaCasa.Domain\VinoDellaCasa.Domain.csproj", "{C6B0C766-576E-4466-A4E5-4810F413A4F9}"
EndProject
Project("{FAE04EC0-301F-11D3-BF4B-00C04F79EFBC}") = "VinoDellaCasa.Application", "src\VinoDellaCasa.Application\VinoDellaCasa.Application.csproj", "{5EEA1BF5-36BF-4652-9E39-DE346CA700FA}"
EndProject
Project("{FAE04EC0-301F-11D3-BF4B-00C04F79EFBC}") = "VinoDellaCasa.Infrastructure", "src\VinoDellaCasa.Infrastructure\VinoDellaCasa.Infrastructure.csproj", "{5A7BB3A4-B6C1-466E-A09B-9AEC2BBD4C9F}"
EndProject
Project("{FAE04EC0-301F-11D3-BF4B-00C04F79EFBC}") = "VinoDellaCasa.Web", "src\VinoDellaCasa.Web\VinoDellaCasa.Web.csproj", "{4DB5F5EF-9BFF-4040-8F1A-F4BA4B1A0D80}"
EndProject
Project("{2150E333-8FDC-42A3-9474-1A3956D46DE8}") = "tests", "tests", "{4BAB66E3-18EB-463E-B0E9-452C8FCB5C41}"
EndProject
Project("{FAE04EC0-301F-11D3-BF4B-00C04F79EFBC}") = "VinoDellaCasa.Domain.Tests", "tests\VinoDellaCasa.Domain.Tests\VinoDellaCasa.Domain.Tests.csproj", "{18D95C79-32EB-454A-969A-7C45328FDBC2}"
EndProject
Project("{FAE04EC0-301F-11D3-BF4B-00C04F79EFBC}") = "VinoDellaCasa.Application.Tests", "tests\VinoDellaCasa.Application.Tests\VinoDellaCasa.Application.Tests.csproj", "{DA08CA2C-7AFD-4557-A952-A42397139AF6}"
EndProject
Project("{FAE04EC0-301F-11D3-BF4B-00C04F79EFBC}") = "VinoDellaCasa.Mcp", "src\VinoDellaCasa.Mcp\VinoDellaCasa.Mcp.csproj", "{58726C40-0C9D-4BB0-9100-B3D79BEC0197}"
EndProject
Project("{FAE04EC0-301F-11D3-BF4B-00C04F79EFBC}") = "VinoDellaCasa.Mcp.Tests", "tests\VinoDellaCasa.Mcp.Tests\VinoDellaCasa.Mcp.Tests.csproj", "{D72EC3B2-28B4-42F1-9537-631B4920D76F}"
EndProject
Global
	GlobalSection(SolutionConfigurationPlatforms) = preSolution
		Debug|Any CPU = Debug|Any CPU
		Release|Any CPU = Release|Any CPU
	EndGlobalSection
	GlobalSection(SolutionProperties) = preSolution
		HideSolutionNode = FALSE
	EndGlobalSection
	GlobalSection(ProjectConfigurationPlatforms) = postSolution
		{C6B0C766-576E-4466-A4E5-4810F413A4F9}.Debug|Any CPU.ActiveCfg = Debug|Any CPU
		{C6B0C766-576E-4466-A4E5-4810F413A4F9}.Debug|Any CPU.Build.0 = Debug|Any CPU
		{C6B0C766-576E-4466-A4E5-4810F413A4F9}.Release|Any CPU.ActiveCfg = Release|Any CPU
		{C6B0C766-576E-4466-A4E5-4810F413A4F9}.Release|Any CPU.Build.0 = Release|Any CPU
		{5EEA1BF5-36BF-4652-9E39-DE346CA700FA}.Debug|Any CPU.ActiveCfg = Debug|Any CPU
		{5EEA1BF5-36BF-4652-9E39-DE346CA700FA}.Debug|Any CPU.Build.0 = Debug|Any CPU
		{5EEA1BF5-36BF-4652-9E39-DE346CA700FA}.Release|Any CPU.ActiveCfg = Release|Any CPU
		{5EEA1BF5-36BF-4652-9E39-DE346CA700FA}.Release|Any CPU.Build.0 = Release|Any CPU
		{5A7BB3A4-B6C1-466E-A09B-9AEC2BBD4C9F}.Debug|Any CPU.ActiveCfg = Debug|Any CPU
		{5A7BB3A4-B6C1-466E-A09B-9AEC2BBD4C9F}.Debug|Any CPU.Build.0 = Debug|Any CPU
		{5A7BB3A4-B6C1-466E-A09B-9AEC2BBD4C9F}.Release|Any CPU.ActiveCfg = Release|Any CPU
		{5A7BB3A4-B6C1-466E-A09B-9AEC2BBD4C9F}.Release|Any CPU.Build.0 = Release|Any CPU
		{4DB5F5EF-9BFF-4040-8F1A-F4BA4B1A0D80}.Debug|Any CPU.ActiveCfg = Debug|Any CPU
		{4DB5F5EF-9BFF-4040-8F1A-F4BA4B1A0D80}.Debug|Any CPU.Build.0 = Debug|Any CPU
		{4DB5F5EF-9BFF-4040-8F1A-F4BA4B1A0D80}.Release|Any CPU.ActiveCfg = Release|Any CPU
		{4DB5F5EF-9BFF-4040-8F1A-F4BA4B1A0D80}.Release|Any CPU.Build.0 = Release|Any CPU
		{18D95C79-32EB-454A-969A-7C45328FDBC2}.Debug|Any CPU.ActiveCfg = Debug|Any CPU
		{18D95C79-32EB-454A-969A-7C45328FDBC2}.Debug|Any CPU.Build.0 = Debug|Any CPU
		{18D95C79-32EB-454A-969A-7C45328FDBC2}.Release|Any CPU.ActiveCfg = Release|Any CPU
		{18D95C79-32EB-454A-969A-7C45328FDBC2}.Release|Any CPU.Build.0 = Release|Any CPU
		{DA08CA2C-7AFD-4557-A952-A42397139AF6}.Debug|Any CPU.ActiveCfg = Debug|Any CPU
		{DA08CA2C-7AFD-4557-A952-A42397139AF6}.Debug|Any CPU.Build.0 = Debug|Any CPU
		{DA08CA2C-7AFD-4557-A952-A42397139AF6}.Release|Any CPU.ActiveCfg = Release|Any CPU
		{DA08CA2C-7AFD-4557-A952-A42397139AF6}.Release|Any CPU.Build.0 = Release|Any CPU
		{58726C40-0C9D-4BB0-9100-B3D79BEC0197}.Debug|Any CPU.ActiveCfg = Debug|Any CPU
		{58726C40-0C9D-4BB0-9100-B3D79BEC0197}.Debug|Any CPU.Build.0 = Debug|Any CPU
		{58726C40-0C9D-4BB0-9100-B3D79BEC0197}.Release|Any CPU.ActiveCfg = Release|Any CPU
		{58726C40-0C9D-4BB0-9100-B3D79BEC0197}.Release|Any CPU.Build.0 = Release|Any CPU
		{D72EC3B2-28B4-42F1-9537-631B4920D76F}.Debug|Any CPU.ActiveCfg = Debug|Any CPU
		{D72EC3B2-28B4-42F1-9537-631B4920D76F}.Debug|Any CPU.Build.0 = Debug|Any CPU
		{D72EC3B2-28B4-42F1-9537-631B4920D76F}.Release|Any CPU.ActiveCfg = Release|Any CPU
		{D72EC3B2-28B4-42F1-9537-631B4920D76F}.Release|Any CPU.Build.0 = Release|Any CPU
	EndGlobalSection
	GlobalSection(NestedProjects) = preSolution
		{C6B0C766-576E-4466-A4E5-4810F413A4F9} = {74215DB3-19AE-4695-BE1C-EAE32A6E8CB7}
		{5EEA1BF5-36BF-4652-9E39-DE346CA700FA} = {74215DB3-19AE-4695-BE1C-EAE32A6E8CB7}
		{5A7BB3A4-B6C1-466E-A09B-9AEC2BBD4C9F} = {74215DB3-19AE-4695-BE1C-EAE32A6E8CB7}
		{4DB5F5EF-9BFF-4040-8F1A-F4BA4B1A0D80} = {74215DB3-19AE-4695-BE1C-EAE32A6E8CB7}
		{18D95C79-32EB-454A-969A-7C45328FDBC2} = {4BAB66E3-18EB-463E-B0E9-452C8FCB5C41}
		{DA08CA2C-7AFD-4557-A952-A42397139AF6} = {4BAB66E3-18EB-463E-B0E9-452C8FCB5C41}
		{58726C40-0C9D-4BB0-9100-B3D79BEC0197} = {74215DB3-19AE-4695-BE1C-EAE32A6E8CB7}
		{D72EC3B2-28B4-42F1-9537-631B4920D76F} = {4BAB66E3-18EB-463E-B0E9-452C8FCB5C41}
	EndGlobalSection
EndGlobal
